
Microsoft Visual Studio Solution File, Format Version 12.00
# Visual Studio Version 16
VisualStudioVersion = 16.0.31424.327
MinimumVisualStudioVersion = 10.0.40219.1
Project("{FAE04EC0-301F-11D3-BF4B-00C04F79EFBC}") = "LOVE4BBBO", "LOVE4BBBO.csproj", "{F09B2FE7-4D0A-4FA1-888E-10C208954886}"
EndProject
Global
	GlobalSection(SolutionConfigurationPlatforms) = preSolution
		Debug|Any CPU = Debug|Any CPU
		Release|Any CPU = Release|Any CPU
	EndGlobalSection
	GlobalSection(ProjectConfigurationPlatforms) = postSolution
		{F09B2FE7-4D0A-4FA1-888E-10C208954886}.Debug|Any CPU.ActiveCfg = Debug|Any CPU
		{F09B2FE7-4D0A-4FA1-888E-10C208954886}.Debug|Any CPU.Build.0 = Debug|Any CPU
		{F09B2FE7-4D0A-4FA1-888E-10C208954886}.Release|Any CPU.ActiveCfg = Release|Any CPU
		{F09B2FE7-4D0A-4FA1-888E-10C208954886}.Release|Any CPU.Build.0 = Release|Any CPU
	EndGlobalSection
	GlobalSection(SolutionProperties) = preSolution
		HideSolutionNode = FALSE
	EndGlobalSection
	GlobalSection(ExtensibilityGlobals) = postSolution
		SolutionGuid = {FE7EFF58-E2AC-475C-9935-05D0C3EB8277}
	EndGlobalSection
EndGlobal
